
Microsoft Visual Studio Solution File, Format Version 12.00
# Visual Studio Version 16
VisualStudioVersion = 16.0.29306.81
MinimumVisualStudioVersion = 10.0.40219.1
Project("{FAE04EC0-301F-11D3-BF4B-00C04F79EFBC}") = "ChangeFeedSample", "CassandraChangeFeedSample\ChangeFeedSample.csproj", "{40167243-4E4E-4381-8941-ADC1709F3FAD}"
EndProject
Project("{9A19103F-16F7-4668-BE54-9A1E7A4F7556}") = "DataGenerator", "DataGenerator\DataGenerator.csproj", "{6D497058-9FE4-48DB-91CC-A02E2614AC82}"
EndProject
Global
	GlobalSection(SolutionConfigurationPlatforms) = preSolution
		Debug|Any CPU = Debug|Any CPU
		Debug|x64 = Debug|x64
		Debug|x86 = Debug|x86
		Release|Any CPU = Release|Any CPU
		Release|x64 = Release|x64
		Release|x86 = Release|x86
	EndGlobalSection
	GlobalSection(ProjectConfigurationPlatforms) = postSolution
		{40167243-4E4E-4381-8941-ADC1709F3FAD}.Debug|Any CPU.ActiveCfg = Debug|Any CPU
		{40167243-4E4E-4381-8941-ADC1709F3FAD}.Debug|Any CPU.Build.0 = Debug|Any CPU
		{40167243-4E4E-4381-8941-ADC1709F3FAD}.Debug|x64.ActiveCfg = Debug|Any CPU
		{40167243-4E4E-4381-8941-ADC1709F3FAD}.Debug|x64.Build.0 = Debug|Any CPU
		{40167243-4E4E-4381-8941-ADC1709F3FAD}.Debug|x86.ActiveCfg = Debug|Any CPU
		{40167243-4E4E-4381-8941-ADC1709F3FAD}.Debug|x86.Build.0 = Debug|Any CPU
		{40167243-4E4E-4381-8941-ADC1709F3FAD}.Release|Any CPU.ActiveCfg = Release|Any CPU
		{40167243-4E4E-4381-8941-ADC1709F3FAD}.Release|Any CPU.Build.0 = Release|Any CPU
		{40167243-4E4E-4381-8941-ADC1709F3FAD}.Release|x64.ActiveCfg = Release|Any CPU
		{40167243-4E4E-4381-8941-ADC1709F3FAD}.Release|x64.Build.0 = Release|Any CPU
		{40167243-4E4E-4381-8941-ADC1709F3FAD}.Release|x86.ActiveCfg = Release|Any CPU
		{40167243-4E4E-4381-8941-ADC1709F3FAD}.Release|x86.Build.0 = Release|Any CPU
		{6D497058-9FE4-48DB-91CC-A02E2614AC82}.Debug|Any CPU.ActiveCfg = Debug|Any CPU
		{6D497058-9FE4-48DB-91CC-A02E2614AC82}.Debug|Any CPU.Build.0 = Debug|Any CPU
		{6D497058-9FE4-48DB-91CC-A02E2614AC82}.Debug|x64.ActiveCfg = Debug|Any CPU
		{6D497058-9FE4-48DB-91CC-A02E2614AC82}.Debug|x64.Build.0 = Debug|Any CPU
		{6D497058-9FE4-48DB-91CC-A02E2614AC82}.Debug|x86.ActiveCfg = Debug|Any CPU
		{6D497058-9FE4-48DB-91CC-A02E2614AC82}.Debug|x86.Build.0 = Debug|Any CPU
		{6D497058-9FE4-48DB-91CC-A02E2614AC82}.Release|Any CPU.ActiveCfg = Release|Any CPU
		{6D497058-9FE4-48DB-91CC-A02E2614AC82}.Release|Any CPU.Build.0 = Release|Any CPU
		{6D497058-9FE4-48DB-91CC-A02E2614AC82}.Release|x64.ActiveCfg = Release|Any CPU
		{6D497058-9FE4-48DB-91CC-A02E2614AC82}.Release|x64.Build.0 = Release|Any CPU
		{6D497058-9FE4-48DB-91CC-A02E2614AC82}.Release|x86.ActiveCfg = Release|Any CPU
		{6D497058-9FE4-48DB-91CC-A02E2614AC82}.Release|x86.Build.0 = Release|Any CPU
	EndGlobalSection
	GlobalSection(SolutionProperties) = preSolution
		HideSolutionNode = FALSE
	EndGlobalSection
	GlobalSection(ExtensibilityGlobals) = postSolution
		SolutionGuid = {30414524-7D8C-4689-92B5-B174C19E40B3}
	EndGlobalSection
EndGlobal
